
Microsoft Visual Studio Solution File, Format Version 12.00
# Visual Studio 15
VisualStudioVersion = 15.0.28307.168
MinimumVisualStudioVersion = 10.0.40219.1
Project("{FAE04EC0-301F-11D3-BF4B-00C04F79EFBC}") = "MicroSim.DataSource.Controller", "MicrosSimFramework.DataSource\MicroSim.DataSource.Controller\MicroSim.DataSource.Controller.csproj", "{784BAFEE-A716-42FD-BC79-21CE19828E50}"
EndProject
Project("{FAE04EC0-301F-11D3-BF4B-00C04F79EFBC}") = "MicroSim.DataSource.DataAccess", "MicrosSimFramework.DataSource\MicroSim.DataSource.DataAccess\MicroSim.DataSource.DataAccess.csproj", "{2A86324F-5A6F-4B6B-A7B1-EA332B7891DF}"
EndProject
Project("{FAE04EC0-301F-11D3-BF4B-00C04F79EFBC}") = "MicroSim.DataSource.Core", "MicrosSimFramework.DataSource\MicroSim.DataSource.Core\MicroSim.DataSource.Core.csproj", "{6AA5F34F-103D-4EC0-B229-F5B670336313}"
EndProject
Project("{FAE04EC0-301F-11D3-BF4B-00C04F79EFBC}") = "MicroSim.DataSource.Model", "MicrosSimFramework.DataSource\MicroSim.DataSource.Model\MicroSim.DataSource.Model.csproj", "{800E0B0C-C8E1-4B33-8D64-D3CE4FDE9847}"
EndProject
Project("{FAE04EC0-301F-11D3-BF4B-00C04F79EFBC}") = "MicroSim.DataSource.PopulationEdu", "MicrosSimFramework.DataSource\MicroSim.DataSource.PopulationEdu\MicroSim.DataSource.PopulationEdu.csproj", "{B7E3F74E-B362-4B5B-91F3-9D81B07E888F}"
EndProject
Project("{FAE04EC0-301F-11D3-BF4B-00C04F79EFBC}") = "MicroSim.DataSource.Entities", "MicrosSimFramework.DataSource\MicroSim.DataSource.Entities\MicroSim.DataSource.Entities.csproj", "{6D68D2F9-E3D0-4899-9915-A40146CEBB9A}"
EndProject
Project("{FAE04EC0-301F-11D3-BF4B-00C04F79EFBC}") = "MicroSim.DataSource.ProcessLog", "MicrosSimFramework.DataSource\MicroSim.DataSource.ProcessLog\MicroSim.DataSource.ProcessLog.csproj", "{5499DA98-AB58-4B4A-AAE7-D3B7593CF6E9}"
EndProject
Project("{2150E333-8FDC-42A3-9474-1A3956D46DE8}") = "DataSources", "DataSources", "{00AE54AA-3FA6-460F-8FCF-857E5C71A104}"
EndProject
Project("{2150E333-8FDC-42A3-9474-1A3956D46DE8}") = "R", "R", "{29B7FB50-3A9D-46CB-BAF2-1FC86D6FF84E}"
EndProject
Project("{FAE04EC0-301F-11D3-BF4B-00C04F79EFBC}") = "MicroSim.DataSource.Rtools", "MicrosSimFramework.DataSource\MicroSim.DataSource.Rtools\MicroSim.DataSource.Rtools.csproj", "{6084279B-62C3-4CBE-825D-832245BD1B00}"
EndProject
Project("{2150E333-8FDC-42A3-9474-1A3956D46DE8}") = "Core", "Core", "{FBC361B9-702B-4EEC-9973-C71ECA7AA007}"
EndProject
Project("{FAE04EC0-301F-11D3-BF4B-00C04F79EFBC}") = "MicroSim.DataSource.Population", "MicrosSimFramework.DataSource\MicroSim.DataSource.Population\MicroSim.DataSource.Population.csproj", "{1BE66C04-5858-4431-9AB8-FA052023C4AF}"
EndProject
Project("{FAE04EC0-301F-11D3-BF4B-00C04F79EFBC}") = "MicroSim.DataSource.DeterministicEducation", "MicrosSimFramework.DataSource\MicroSim.DataSource.DeterministicEducation\MicroSim.DataSource.DeterministicEducation.csproj", "{63A3E770-533E-4C8F-BFC9-EF66F705B19A}"
EndProject
Project("{FAE04EC0-301F-11D3-BF4B-00C04F79EFBC}") = "MicroSim.DataSource.DeathEdu", "MicrosSimFramework.DataSource\MicroSim.DataSource.DeathEdu\MicroSim.DataSource.DeathEdu.csproj", "{090C9C21-E2DF-490C-A0F4-B3F678DF9193}"
EndProject
Project("{FAE04EC0-301F-11D3-BF4B-00C04F79EFBC}") = "MicroSim.DataSource.BirthEdu", "MicrosSimFramework.DataSource\MicroSim.DataSource.BirthEdu\MicroSim.DataSource.BirthEdu.csproj", "{68E4FF33-4EDB-4AB6-B4F9-9914D3077FC4}"
EndProject
Project("{FAE04EC0-301F-11D3-BF4B-00C04F79EFBC}") = "MicroSim.DataSource.Mortality", "MicrosSimFramework.DataSource\MicroSim.DataSource.Mortality\MicroSim.DataSource.Mortality.csproj", "{87BFEA41-F0BA-4732-B352-BF04EED39244}"
EndProject
Project("{FAE04EC0-301F-11D3-BF4B-00C04F79EFBC}") = "MicroSim.DataSource.Death", "MicrosSimFramework.DataSource\MicroSim.DataSource.Death\MicroSim.DataSource.Death.csproj", "{6584C2A2-A4F9-4272-8596-73072F77DEB1}"
EndProject
Project("{FAE04EC0-301F-11D3-BF4B-00C04F79EFBC}") = "MicroSim.DataSource.Birth", "MicrosSimFramework.DataSource\MicroSim.DataSource.Birth\MicroSim.DataSource.Birth.csproj", "{7240E5D3-5861-4D24-9C60-353F6DC4673B}"
EndProject
Project("{FAE04EC0-301F-11D3-BF4B-00C04F79EFBC}") = "MicroSim.DataSource.BirthComplete", "MicrosSimFramework.DataSource\MicroSim.DataSource.BirthComplete\MicroSim.DataSource.BirthComplete.csproj", "{92AB732E-511E-407E-9AE8-A991B1548718}"
EndProject
Project("{FAE04EC0-301F-11D3-BF4B-00C04F79EFBC}") = "MicroSim.DataSource.Fertility", "MicrosSimFramework.DataSource\MicroSim.DataSource.Fertility\MicroSim.DataSource.Fertility.csproj", "{6B3E03D6-96A0-47D1-AC28-F42A40484FBA}"
EndProject
Project("{FAE04EC0-301F-11D3-BF4B-00C04F79EFBC}") = "MicroSim.DataSource.Output", "MicrosSimFramework.DataSource\MicroSim.DataSource.Output\MicroSim.DataSource.Output.csproj", "{36E03885-3E95-49A5-8BA2-215F654D769F}"
EndProject
Project("{FAE04EC0-301F-11D3-BF4B-00C04F79EFBC}") = "MicroSim.DataSource.StartingPopulation", "MicrosSimFramework.DataSource\MicroSim.DataSource.StartingPopulation\MicroSim.DataSource.StartingPopulation.csproj", "{C5BA838A-0EF8-4B3E-9794-629493813CE5}"
EndProject
Project("{FAE04EC0-301F-11D3-BF4B-00C04F79EFBC}") = "MicroSim.DataSource.ExcelExport", "MicrosSimFramework.DataSource\MicroSim.DataSource.ExcelExport\MicroSim.DataSource.ExcelExport.csproj", "{517C5BB3-3FE0-4006-A4B4-615DACA464E9}"
EndProject
Project("{FAE04EC0-301F-11D3-BF4B-00C04F79EFBC}") = "MicroSim.DataSource.Other", "MicrosSimFramework.DataSource\MicroSim.DataSource.Other\MicroSim.DataSource.Other.csproj", "{B6B457D3-F5C1-4F86-8CAE-FCE6DA4AB03E}"
EndProject
Project("{FAE04EC0-301F-11D3-BF4B-00C04F79EFBC}") = "MicroSim.DataSource.SocialGroups", "MicrosSimFramework.DataSource\MicroSim.DataSource.SocialGroups\MicroSim.DataSource.SocialGroups.csproj", "{1FAF6AA8-DAA2-44A9-8ED7-6384378D56BE}"
EndProject
Global
	GlobalSection(SolutionConfigurationPlatforms) = preSolution
		Debug|Any CPU = Debug|Any CPU
		Release|Any CPU = Release|Any CPU
	EndGlobalSection
	GlobalSection(ProjectConfigurationPlatforms) = postSolution
		{784BAFEE-A716-42FD-BC79-21CE19828E50}.Debug|Any CPU.ActiveCfg = Debug|Any CPU
		{784BAFEE-A716-42FD-BC79-21CE19828E50}.Debug|Any CPU.Build.0 = Debug|Any CPU
		{784BAFEE-A716-42FD-BC79-21CE19828E50}.Release|Any CPU.ActiveCfg = Release|Any CPU
		{784BAFEE-A716-42FD-BC79-21CE19828E50}.Release|Any CPU.Build.0 = Release|Any CPU
		{2A86324F-5A6F-4B6B-A7B1-EA332B7891DF}.Debug|Any CPU.ActiveCfg = Debug|Any CPU
		{2A86324F-5A6F-4B6B-A7B1-EA332B7891DF}.Debug|Any CPU.Build.0 = Debug|Any CPU
		{2A86324F-5A6F-4B6B-A7B1-EA332B7891DF}.Release|Any CPU.ActiveCfg = Release|Any CPU
		{2A86324F-5A6F-4B6B-A7B1-EA332B7891DF}.Release|Any CPU.Build.0 = Release|Any CPU
		{6AA5F34F-103D-4EC0-B229-F5B670336313}.Debug|Any CPU.ActiveCfg = Debug|Any CPU
		{6AA5F34F-103D-4EC0-B229-F5B670336313}.Debug|Any CPU.Build.0 = Debug|Any CPU
		{6AA5F34F-103D-4EC0-B229-F5B670336313}.Release|Any CPU.ActiveCfg = Release|Any CPU
		{6AA5F34F-103D-4EC0-B229-F5B670336313}.Release|Any CPU.Build.0 = Release|Any CPU
		{800E0B0C-C8E1-4B33-8D64-D3CE4FDE9847}.Debug|Any CPU.ActiveCfg = Debug|Any CPU
		{800E0B0C-C8E1-4B33-8D64-D3CE4FDE9847}.Debug|Any CPU.Build.0 = Debug|Any CPU
		{800E0B0C-C8E1-4B33-8D64-D3CE4FDE9847}.Release|Any CPU.ActiveCfg = Release|Any CPU
		{800E0B0C-C8E1-4B33-8D64-D3CE4FDE9847}.Release|Any CPU.Build.0 = Release|Any CPU
		{B7E3F74E-B362-4B5B-91F3-9D81B07E888F}.Debug|Any CPU.ActiveCfg = Debug|Any CPU
		{B7E3F74E-B362-4B5B-91F3-9D81B07E888F}.Debug|Any CPU.Build.0 = Debug|Any CPU
		{B7E3F74E-B362-4B5B-91F3-9D81B07E888F}.Release|Any CPU.ActiveCfg = Release|Any CPU
		{B7E3F74E-B362-4B5B-91F3-9D81B07E888F}.Release|Any CPU.Build.0 = Release|Any CPU
		{6D68D2F9-E3D0-4899-9915-A40146CEBB9A}.Debug|Any CPU.ActiveCfg = Debug|Any CPU
		{6D68D2F9-E3D0-4899-9915-A40146CEBB9A}.Debug|Any CPU.Build.0 = Debug|Any CPU
		{6D68D2F9-E3D0-4899-9915-A40146CEBB9A}.Release|Any CPU.ActiveCfg = Release|Any CPU
		{6D68D2F9-E3D0-4899-9915-A40146CEBB9A}.Release|Any CPU.Build.0 = Release|Any CPU
		{5499DA98-AB58-4B4A-AAE7-D3B7593CF6E9}.Debug|Any CPU.ActiveCfg = Debug|Any CPU
		{5499DA98-AB58-4B4A-AAE7-D3B7593CF6E9}.Debug|Any CPU.Build.0 = Debug|Any CPU
		{5499DA98-AB58-4B4A-AAE7-D3B7593CF6E9}.Release|Any CPU.ActiveCfg = Release|Any CPU
		{5499DA98-AB58-4B4A-AAE7-D3B7593CF6E9}.Release|Any CPU.Build.0 = Release|Any CPU
		{6084279B-62C3-4CBE-825D-832245BD1B00}.Debug|Any CPU.ActiveCfg = Debug|Any CPU
		{6084279B-62C3-4CBE-825D-832245BD1B00}.Debug|Any CPU.Build.0 = Debug|Any CPU
		{6084279B-62C3-4CBE-825D-832245BD1B00}.Release|Any CPU.ActiveCfg = Release|Any CPU
		{6084279B-62C3-4CBE-825D-832245BD1B00}.Release|Any CPU.Build.0 = Release|Any CPU
		{1BE66C04-5858-4431-9AB8-FA052023C4AF}.Debug|Any CPU.ActiveCfg = Debug|Any CPU
		{1BE66C04-5858-4431-9AB8-FA052023C4AF}.Debug|Any CPU.Build.0 = Debug|Any CPU
		{1BE66C04-5858-4431-9AB8-FA052023C4AF}.Release|Any CPU.ActiveCfg = Release|Any CPU
		{1BE66C04-5858-4431-9AB8-FA052023C4AF}.Release|Any CPU.Build.0 = Release|Any CPU
		{63A3E770-533E-4C8F-BFC9-EF66F705B19A}.Debug|Any CPU.ActiveCfg = Debug|Any CPU
		{63A3E770-533E-4C8F-BFC9-EF66F705B19A}.Debug|Any CPU.Build.0 = Debug|Any CPU
		{63A3E770-533E-4C8F-BFC9-EF66F705B19A}.Release|Any CPU.ActiveCfg = Release|Any CPU
		{63A3E770-533E-4C8F-BFC9-EF66F705B19A}.Release|Any CPU.Build.0 = Release|Any CPU
		{090C9C21-E2DF-490C-A0F4-B3F678DF9193}.Debug|Any CPU.ActiveCfg = Debug|Any CPU
		{090C9C21-E2DF-490C-A0F4-B3F678DF9193}.Debug|Any CPU.Build.0 = Debug|Any CPU
		{090C9C21-E2DF-490C-A0F4-B3F678DF9193}.Release|Any CPU.ActiveCfg = Release|Any CPU
		{090C9C21-E2DF-490C-A0F4-B3F678DF9193}.Release|Any CPU.Build.0 = Release|Any CPU
		{68E4FF33-4EDB-4AB6-B4F9-9914D3077FC4}.Debug|Any CPU.ActiveCfg = Debug|Any CPU
		{68E4FF33-4EDB-4AB6-B4F9-9914D3077FC4}.Debug|Any CPU.Build.0 = Debug|Any CPU
		{68E4FF33-4EDB-4AB6-B4F9-9914D3077FC4}.Release|Any CPU.ActiveCfg = Release|Any CPU
		{68E4FF33-4EDB-4AB6-B4F9-9914D3077FC4}.Release|Any CPU.Build.0 = Release|Any CPU
		{87BFEA41-F0BA-4732-B352-BF04EED39244}.Debug|Any CPU.ActiveCfg = Debug|Any CPU
		{87BFEA41-F0BA-4732-B352-BF04EED39244}.Debug|Any CPU.Build.0 = Debug|Any CPU
		{87BFEA41-F0BA-4732-B352-BF04EED39244}.Release|Any CPU.ActiveCfg = Release|Any CPU
		{87BFEA41-F0BA-4732-B352-BF04EED39244}.Release|Any CPU.Build.0 = Release|Any CPU
		{6584C2A2-A4F9-4272-8596-73072F77DEB1}.Debug|Any CPU.ActiveCfg = Debug|Any CPU
		{6584C2A2-A4F9-4272-8596-73072F77DEB1}.Debug|Any CPU.Build.0 = Debug|Any CPU
		{6584C2A2-A4F9-4272-8596-73072F77DEB1}.Release|Any CPU.ActiveCfg = Release|Any CPU
		{6584C2A2-A4F9-4272-8596-73072F77DEB1}.Release|Any CPU.Build.0 = Release|Any CPU
		{7240E5D3-5861-4D24-9C60-353F6DC4673B}.Debug|Any CPU.ActiveCfg = Debug|Any CPU
		{7240E5D3-5861-4D24-9C60-353F6DC4673B}.Debug|Any CPU.Build.0 = Debug|Any CPU
		{7240E5D3-5861-4D24-9C60-353F6DC4673B}.Release|Any CPU.ActiveCfg = Release|Any CPU
		{7240E5D3-5861-4D24-9C60-353F6DC4673B}.Release|Any CPU.Build.0 = Release|Any CPU
		{92AB732E-511E-407E-9AE8-A991B1548718}.Debug|Any CPU.ActiveCfg = Debug|Any CPU
		{92AB732E-511E-407E-9AE8-A991B1548718}.Debug|Any CPU.Build.0 = Debug|Any CPU
		{92AB732E-511E-407E-9AE8-A991B1548718}.Release|Any CPU.ActiveCfg = Release|Any CPU
		{92AB732E-511E-407E-9AE8-A991B1548718}.Release|Any CPU.Build.0 = Release|Any CPU
		{6B3E03D6-96A0-47D1-AC28-F42A40484FBA}.Debug|Any CPU.ActiveCfg = Debug|Any CPU
		{6B3E03D6-96A0-47D1-AC28-F42A40484FBA}.Debug|Any CPU.Build.0 = Debug|Any CPU
		{6B3E03D6-96A0-47D1-AC28-F42A40484FBA}.Release|Any CPU.ActiveCfg = Release|Any CPU
		{6B3E03D6-96A0-47D1-AC28-F42A40484FBA}.Release|Any CPU.Build.0 = Release|Any CPU
		{36E03885-3E95-49A5-8BA2-215F654D769F}.Debug|Any CPU.ActiveCfg = Debug|Any CPU
		{36E03885-3E95-49A5-8BA2-215F654D769F}.Debug|Any CPU.Build.0 = Debug|Any CPU
		{36E03885-3E95-49A5-8BA2-215F654D769F}.Release|Any CPU.ActiveCfg = Release|Any CPU
		{36E03885-3E95-49A5-8BA2-215F654D769F}.Release|Any CPU.Build.0 = Release|Any CPU
		{C5BA838A-0EF8-4B3E-9794-629493813CE5}.Debug|Any CPU.ActiveCfg = Debug|Any CPU
		{C5BA838A-0EF8-4B3E-9794-629493813CE5}.Debug|Any CPU.Build.0 = Debug|Any CPU
		{C5BA838A-0EF8-4B3E-9794-629493813CE5}.Release|Any CPU.ActiveCfg = Release|Any CPU
		{C5BA838A-0EF8-4B3E-9794-629493813CE5}.Release|Any CPU.Build.0 = Release|Any CPU
		{517C5BB3-3FE0-4006-A4B4-615DACA464E9}.Debug|Any CPU.ActiveCfg = Debug|Any CPU
		{517C5BB3-3FE0-4006-A4B4-615DACA464E9}.Debug|Any CPU.Build.0 = Debug|Any CPU
		{517C5BB3-3FE0-4006-A4B4-615DACA464E9}.Release|Any CPU.ActiveCfg = Release|Any CPU
		{517C5BB3-3FE0-4006-A4B4-615DACA464E9}.Release|Any CPU.Build.0 = Release|Any CPU
		{B6B457D3-F5C1-4F86-8CAE-FCE6DA4AB03E}.Debug|Any CPU.ActiveCfg = Debug|Any CPU
		{B6B457D3-F5C1-4F86-8CAE-FCE6DA4AB03E}.Debug|Any CPU.Build.0 = Debug|Any CPU
		{B6B457D3-F5C1-4F86-8CAE-FCE6DA4AB03E}.Release|Any CPU.ActiveCfg = Release|Any CPU
		{B6B457D3-F5C1-4F86-8CAE-FCE6DA4AB03E}.Release|Any CPU.Build.0 = Release|Any CPU
		{1FAF6AA8-DAA2-44A9-8ED7-6384378D56BE}.Debug|Any CPU.ActiveCfg = Debug|Any CPU
		{1FAF6AA8-DAA2-44A9-8ED7-6384378D56BE}.Debug|Any CPU.Build.0 = Debug|Any CPU
		{1FAF6AA8-DAA2-44A9-8ED7-6384378D56BE}.Release|Any CPU.ActiveCfg = Release|Any CPU
		{1FAF6AA8-DAA2-44A9-8ED7-6384378D56BE}.Release|Any CPU.Build.0 = Release|Any CPU
	EndGlobalSection
	GlobalSection(SolutionProperties) = preSolution
		HideSolutionNode = FALSE
	EndGlobalSection
	GlobalSection(NestedProjects) = preSolution
		{784BAFEE-A716-42FD-BC79-21CE19828E50} = {FBC361B9-702B-4EEC-9973-C71ECA7AA007}
		{2A86324F-5A6F-4B6B-A7B1-EA332B7891DF} = {FBC361B9-702B-4EEC-9973-C71ECA7AA007}
		{6AA5F34F-103D-4EC0-B229-F5B670336313} = {FBC361B9-702B-4EEC-9973-C71ECA7AA007}
		{800E0B0C-C8E1-4B33-8D64-D3CE4FDE9847} = {FBC361B9-702B-4EEC-9973-C71ECA7AA007}
		{B7E3F74E-B362-4B5B-91F3-9D81B07E888F} = {00AE54AA-3FA6-460F-8FCF-857E5C71A104}
		{6D68D2F9-E3D0-4899-9915-A40146CEBB9A} = {FBC361B9-702B-4EEC-9973-C71ECA7AA007}
		{5499DA98-AB58-4B4A-AAE7-D3B7593CF6E9} = {FBC361B9-702B-4EEC-9973-C71ECA7AA007}
		{6084279B-62C3-4CBE-825D-832245BD1B00} = {29B7FB50-3A9D-46CB-BAF2-1FC86D6FF84E}
		{1BE66C04-5858-4431-9AB8-FA052023C4AF} = {00AE54AA-3FA6-460F-8FCF-857E5C71A104}
		{63A3E770-533E-4C8F-BFC9-EF66F705B19A} = {00AE54AA-3FA6-460F-8FCF-857E5C71A104}
		{090C9C21-E2DF-490C-A0F4-B3F678DF9193} = {00AE54AA-3FA6-460F-8FCF-857E5C71A104}
		{68E4FF33-4EDB-4AB6-B4F9-9914D3077FC4} = {00AE54AA-3FA6-460F-8FCF-857E5C71A104}
		{87BFEA41-F0BA-4732-B352-BF04EED39244} = {00AE54AA-3FA6-460F-8FCF-857E5C71A104}
		{6584C2A2-A4F9-4272-8596-73072F77DEB1} = {00AE54AA-3FA6-460F-8FCF-857E5C71A104}
		{7240E5D3-5861-4D24-9C60-353F6DC4673B} = {00AE54AA-3FA6-460F-8FCF-857E5C71A104}
		{92AB732E-511E-407E-9AE8-A991B1548718} = {00AE54AA-3FA6-460F-8FCF-857E5C71A104}
		{6B3E03D6-96A0-47D1-AC28-F42A40484FBA} = {00AE54AA-3FA6-460F-8FCF-857E5C71A104}
		{36E03885-3E95-49A5-8BA2-215F654D769F} = {00AE54AA-3FA6-460F-8FCF-857E5C71A104}
		{C5BA838A-0EF8-4B3E-9794-629493813CE5} = {00AE54AA-3FA6-460F-8FCF-857E5C71A104}
		{517C5BB3-3FE0-4006-A4B4-615DACA464E9} = {FBC361B9-702B-4EEC-9973-C71ECA7AA007}
		{B6B457D3-F5C1-4F86-8CAE-FCE6DA4AB03E} = {00AE54AA-3FA6-460F-8FCF-857E5C71A104}
		{1FAF6AA8-DAA2-44A9-8ED7-6384378D56BE} = {00AE54AA-3FA6-460F-8FCF-857E5C71A104}
	EndGlobalSection
	GlobalSection(ExtensibilityGlobals) = postSolution
		SolutionGuid = {8A678B07-2E02-4AA0-BD88-4AA6CAE1CD75}
	EndGlobalSection
EndGlobal
