
Microsoft Visual Studio Solution File, Format Version 12.00
# Visual Studio 15
VisualStudioVersion = 15.0.28307.168
MinimumVisualStudioVersion = 10.0.40219.1
Project("{FAE04EC0-301F-11D3-BF4B-00C04F79EFBC}") = "MicroSim.ExtractResult.UI", "MicrosSimFramework.ExtractResult\MicroSim.ExtractResult.UI\MicroSim.ExtractResult.UI.csproj", "{981BA843-66FF-4B55-B9D5-E249FF48FE30}"
EndProject
Project("{FAE04EC0-301F-11D3-BF4B-00C04F79EFBC}") = "MicroSim.ExtractResult.DataAccess", "MicrosSimFramework.ExtractResult\MicroSim.ExtractResult.DataAccess\MicroSim.ExtractResult.DataAccess.csproj", "{45018BCE-BBA8-4391-A5DC-70238A919E1C}"
EndProject
Global
	GlobalSection(SolutionConfigurationPlatforms) = preSolution
		Debug|Any CPU = Debug|Any CPU
		Release|Any CPU = Release|Any CPU
	EndGlobalSection
	GlobalSection(ProjectConfigurationPlatforms) = postSolution
		{981BA843-66FF-4B55-B9D5-E249FF48FE30}.Debug|Any CPU.ActiveCfg = Debug|Any CPU
		{981BA843-66FF-4B55-B9D5-E249FF48FE30}.Debug|Any CPU.Build.0 = Debug|Any CPU
		{981BA843-66FF-4B55-B9D5-E249FF48FE30}.Release|Any CPU.ActiveCfg = Release|Any CPU
		{981BA843-66FF-4B55-B9D5-E249FF48FE30}.Release|Any CPU.Build.0 = Release|Any CPU
		{45018BCE-BBA8-4391-A5DC-70238A919E1C}.Debug|Any CPU.ActiveCfg = Debug|Any CPU
		{45018BCE-BBA8-4391-A5DC-70238A919E1C}.Debug|Any CPU.Build.0 = Debug|Any CPU
		{45018BCE-BBA8-4391-A5DC-70238A919E1C}.Release|Any CPU.ActiveCfg = Release|Any CPU
		{45018BCE-BBA8-4391-A5DC-70238A919E1C}.Release|Any CPU.Build.0 = Release|Any CPU
	EndGlobalSection
	GlobalSection(SolutionProperties) = preSolution
		HideSolutionNode = FALSE
	EndGlobalSection
	GlobalSection(ExtensibilityGlobals) = postSolution
		SolutionGuid = {36AAC050-1B09-4B40-A4A1-42106965C712}
	EndGlobalSection
EndGlobal
