
Microsoft Visual Studio Solution File, Format Version 12.00
# Visual Studio 15
VisualStudioVersion = 15.0.26730.12
MinimumVisualStudioVersion = 10.0.40219.1
Project("{FAE04EC0-301F-11D3-BF4B-00C04F79EFBC}") = "MicroSimFramework", "MicroSimFramework\MicroSimFramework.csproj", "{B575BD81-7EBC-4F3A-AB2E-E01F51ECA60B}"
EndProject
Project("{FAE04EC0-301F-11D3-BF4B-00C04F79EFBC}") = "MicroSimulation", "MicroSimulation\MicroSimulation.csproj", "{C8E3518B-582A-4E0F-A2A9-E8EB160B8110}"
EndProject
Project("{FAE04EC0-301F-11D3-BF4B-00C04F79EFBC}") = "MicroSimSettings", "MicroSimSettings\MicroSimSettings.csproj", "{6E80AF8C-C99A-4B6A-BB66-D10E4A8BEBD5}"
EndProject
Project("{FAE04EC0-301F-11D3-BF4B-00C04F79EFBC}") = "MicroSimCodeBuilder", "MicroSimCodeBuilder\MicroSimCodeBuilder.csproj", "{B42B7E13-3AD4-4AFA-9E35-BB3F1F9F64BE}"
EndProject
Project("{FAE04EC0-301F-11D3-BF4B-00C04F79EFBC}") = "MicroSimResults", "MicroSimResults\MicroSimResults.csproj", "{E21A5FA2-AE8D-4B7F-B113-1FDE51F35D1F}"
EndProject
Project("{FAE04EC0-301F-11D3-BF4B-00C04F79EFBC}") = "MicroSimulation.Tests", "MicroSimulation.Tests\MicroSimulation.Tests.csproj", "{FC007025-9790-42B7-A0F7-7837CD5ABB0A}"
EndProject
Project("{2150E333-8FDC-42A3-9474-1A3956D46DE8}") = "Tests", "Tests", "{6E596FDF-760F-4F12-96FB-4B7EAA3845F9}"
EndProject
Global
	GlobalSection(SolutionConfigurationPlatforms) = preSolution
		Debug|Any CPU = Debug|Any CPU
		Debug|x64 = Debug|x64
		Release|Any CPU = Release|Any CPU
		Release|x64 = Release|x64
	EndGlobalSection
	GlobalSection(ProjectConfigurationPlatforms) = postSolution
		{B575BD81-7EBC-4F3A-AB2E-E01F51ECA60B}.Debug|Any CPU.ActiveCfg = Debug|x64
		{B575BD81-7EBC-4F3A-AB2E-E01F51ECA60B}.Debug|Any CPU.Build.0 = Debug|x64
		{B575BD81-7EBC-4F3A-AB2E-E01F51ECA60B}.Debug|x64.ActiveCfg = Debug|x64
		{B575BD81-7EBC-4F3A-AB2E-E01F51ECA60B}.Debug|x64.Build.0 = Debug|x64
		{B575BD81-7EBC-4F3A-AB2E-E01F51ECA60B}.Release|Any CPU.ActiveCfg = Release|x64
		{B575BD81-7EBC-4F3A-AB2E-E01F51ECA60B}.Release|Any CPU.Build.0 = Release|x64
		{B575BD81-7EBC-4F3A-AB2E-E01F51ECA60B}.Release|x64.ActiveCfg = Release|x64
		{B575BD81-7EBC-4F3A-AB2E-E01F51ECA60B}.Release|x64.Build.0 = Release|x64
		{C8E3518B-582A-4E0F-A2A9-E8EB160B8110}.Debug|Any CPU.ActiveCfg = Debug|x64
		{C8E3518B-582A-4E0F-A2A9-E8EB160B8110}.Debug|Any CPU.Build.0 = Debug|x64
		{C8E3518B-582A-4E0F-A2A9-E8EB160B8110}.Debug|x64.ActiveCfg = Debug|x64
		{C8E3518B-582A-4E0F-A2A9-E8EB160B8110}.Debug|x64.Build.0 = Debug|x64
		{C8E3518B-582A-4E0F-A2A9-E8EB160B8110}.Release|Any CPU.ActiveCfg = Release|x64
		{C8E3518B-582A-4E0F-A2A9-E8EB160B8110}.Release|Any CPU.Build.0 = Release|x64
		{C8E3518B-582A-4E0F-A2A9-E8EB160B8110}.Release|x64.ActiveCfg = Release|x64
		{C8E3518B-582A-4E0F-A2A9-E8EB160B8110}.Release|x64.Build.0 = Release|x64
		{6E80AF8C-C99A-4B6A-BB66-D10E4A8BEBD5}.Debug|Any CPU.ActiveCfg = Debug|x64
		{6E80AF8C-C99A-4B6A-BB66-D10E4A8BEBD5}.Debug|Any CPU.Build.0 = Debug|x64
		{6E80AF8C-C99A-4B6A-BB66-D10E4A8BEBD5}.Debug|x64.ActiveCfg = Debug|x64
		{6E80AF8C-C99A-4B6A-BB66-D10E4A8BEBD5}.Debug|x64.Build.0 = Debug|x64
		{6E80AF8C-C99A-4B6A-BB66-D10E4A8BEBD5}.Release|Any CPU.ActiveCfg = Release|x64
		{6E80AF8C-C99A-4B6A-BB66-D10E4A8BEBD5}.Release|Any CPU.Build.0 = Release|x64
		{6E80AF8C-C99A-4B6A-BB66-D10E4A8BEBD5}.Release|x64.ActiveCfg = Release|x64
		{6E80AF8C-C99A-4B6A-BB66-D10E4A8BEBD5}.Release|x64.Build.0 = Release|x64
		{B42B7E13-3AD4-4AFA-9E35-BB3F1F9F64BE}.Debug|Any CPU.ActiveCfg = Debug|x64
		{B42B7E13-3AD4-4AFA-9E35-BB3F1F9F64BE}.Debug|Any CPU.Build.0 = Debug|x64
		{B42B7E13-3AD4-4AFA-9E35-BB3F1F9F64BE}.Debug|x64.ActiveCfg = Debug|x64
		{B42B7E13-3AD4-4AFA-9E35-BB3F1F9F64BE}.Debug|x64.Build.0 = Debug|x64
		{B42B7E13-3AD4-4AFA-9E35-BB3F1F9F64BE}.Release|Any CPU.ActiveCfg = Release|x64
		{B42B7E13-3AD4-4AFA-9E35-BB3F1F9F64BE}.Release|Any CPU.Build.0 = Release|x64
		{B42B7E13-3AD4-4AFA-9E35-BB3F1F9F64BE}.Release|x64.ActiveCfg = Release|x64
		{B42B7E13-3AD4-4AFA-9E35-BB3F1F9F64BE}.Release|x64.Build.0 = Release|x64
		{E21A5FA2-AE8D-4B7F-B113-1FDE51F35D1F}.Debug|Any CPU.ActiveCfg = Debug|x64
		{E21A5FA2-AE8D-4B7F-B113-1FDE51F35D1F}.Debug|Any CPU.Build.0 = Debug|x64
		{E21A5FA2-AE8D-4B7F-B113-1FDE51F35D1F}.Debug|x64.ActiveCfg = Debug|x64
		{E21A5FA2-AE8D-4B7F-B113-1FDE51F35D1F}.Debug|x64.Build.0 = Debug|x64
		{E21A5FA2-AE8D-4B7F-B113-1FDE51F35D1F}.Release|Any CPU.ActiveCfg = Release|x64
		{E21A5FA2-AE8D-4B7F-B113-1FDE51F35D1F}.Release|Any CPU.Build.0 = Release|x64
		{E21A5FA2-AE8D-4B7F-B113-1FDE51F35D1F}.Release|x64.ActiveCfg = Release|x64
		{E21A5FA2-AE8D-4B7F-B113-1FDE51F35D1F}.Release|x64.Build.0 = Release|x64
		{FC007025-9790-42B7-A0F7-7837CD5ABB0A}.Debug|Any CPU.ActiveCfg = Debug|Any CPU
		{FC007025-9790-42B7-A0F7-7837CD5ABB0A}.Debug|Any CPU.Build.0 = Debug|Any CPU
		{FC007025-9790-42B7-A0F7-7837CD5ABB0A}.Debug|x64.ActiveCfg = Debug|Any CPU
		{FC007025-9790-42B7-A0F7-7837CD5ABB0A}.Debug|x64.Build.0 = Debug|Any CPU
		{FC007025-9790-42B7-A0F7-7837CD5ABB0A}.Release|Any CPU.ActiveCfg = Release|Any CPU
		{FC007025-9790-42B7-A0F7-7837CD5ABB0A}.Release|Any CPU.Build.0 = Release|Any CPU
		{FC007025-9790-42B7-A0F7-7837CD5ABB0A}.Release|x64.ActiveCfg = Release|Any CPU
		{FC007025-9790-42B7-A0F7-7837CD5ABB0A}.Release|x64.Build.0 = Release|Any CPU
	EndGlobalSection
	GlobalSection(SolutionProperties) = preSolution
		HideSolutionNode = FALSE
	EndGlobalSection
	GlobalSection(NestedProjects) = preSolution
		{FC007025-9790-42B7-A0F7-7837CD5ABB0A} = {6E596FDF-760F-4F12-96FB-4B7EAA3845F9}
	EndGlobalSection
	GlobalSection(ExtensibilityGlobals) = postSolution
		SolutionGuid = {19F97E51-3437-4BED-AD6E-4EA674EF763E}
	EndGlobalSection
EndGlobal
